
Microsoft Visual Studio Solution File, Format Version 12.00
# Visual Studio Version 17
VisualStudioVersion = 17.13.35806.99 d17.13
MinimumVisualStudioVersion = 10.0.40219.1
Project("{FAE04EC0-301F-11D3-BF4B-00C04F79EFBC}") = "gestaoEventos", "gestaoEventos\gestaoEventos.csproj", "{01FF8508-CF77-49BF-BC6C-5D074BFCCDAD}"
EndProject
Global
	GlobalSection(SolutionConfigurationPlatforms) = preSolution
		Debug|Any CPU = Debug|Any CPU
		Release|Any CPU = Release|Any CPU
	EndGlobalSection
	GlobalSection(ProjectConfigurationPlatforms) = postSolution
		{01FF8508-CF77-49BF-BC6C-5D074BFCCDAD}.Debug|Any CPU.ActiveCfg = Debug|Any CPU
		{01FF8508-CF77-49BF-BC6C-5D074BFCCDAD}.Debug|Any CPU.Build.0 = Debug|Any CPU
		{01FF8508-CF77-49BF-BC6C-5D074BFCCDAD}.Release|Any CPU.ActiveCfg = Release|Any CPU
		{01FF8508-CF77-49BF-BC6C-5D074BFCCDAD}.Release|Any CPU.Build.0 = Release|Any CPU
	EndGlobalSection
	GlobalSection(SolutionProperties) = preSolution
		HideSolutionNode = FALSE
	EndGlobalSection
	GlobalSection(ExtensibilityGlobals) = postSolution
		SolutionGuid = {2A26AD62-A43A-4D84-BAFB-2077F9D1EFE9}
	EndGlobalSection
EndGlobal
